
Microsoft Visual Studio Solution File, Format Version 12.00
# Visual Studio Version 17
VisualStudioVersion = 17.5.002.0
MinimumVisualStudioVersion = 10.0.40219.1
Project("{9A19103F-16F7-4668-BE54-9A1E7A4F7556}") = "API", "API.csproj", "{C87BD40F-FC32-49B4-A401-C3FD991443DD}"
EndProject
Global
	GlobalSection(SolutionConfigurationPlatforms) = preSolution
		Debug|Any CPU = Debug|Any CPU
		Release|Any CPU = Release|Any CPU
	EndGlobalSection
	GlobalSection(ProjectConfigurationPlatforms) = postSolution
		{C87BD40F-FC32-49B4-A401-C3FD991443DD}.Debug|Any CPU.ActiveCfg = Debug|Any CPU
		{C87BD40F-FC32-49B4-A401-C3FD991443DD}.Debug|Any CPU.Build.0 = Debug|Any CPU
		{C87BD40F-FC32-49B4-A401-C3FD991443DD}.Release|Any CPU.ActiveCfg = Release|Any CPU
		{C87BD40F-FC32-49B4-A401-C3FD991443DD}.Release|Any CPU.Build.0 = Release|Any CPU
	EndGlobalSection
	GlobalSection(SolutionProperties) = preSolution
		HideSolutionNode = FALSE
	EndGlobalSection
	GlobalSection(ExtensibilityGlobals) = postSolution
		SolutionGuid = {B7828875-3E9B-4734-83CE-3471E9E5749F}
	EndGlobalSection
EndGlobal
